# This file is automatically @generated by Poetry 2.1.4 and should not be changed by hand.

[[package]]
name = "atomicwrites"
version = "1.4.0"
description = "Atomic file writes."
optional = false
python-versions = ">=2.7, !=3.0.*, !=3.1.*, !=3.2.*, !=3.3.*"
groups = ["dev"]
markers = "sys_platform == \"win32\""
files = [
    {file = "atomicwrites-1.4.0-py2.py3-none-any.whl", hash = "sha256:6d1784dea7c0c8d4a5172b6c620f40b6e4cbfdf96d783691f2e1302a7b88e197"},
    {file = "atomicwrites-1.4.0.tar.gz", hash = "sha256:ae70396ad1a434f9c7046fd2dd196fc04b12f9e91ffb859164193be8b6168a7a"},
]

[[package]]
name = "attrs"
version = "21.4.0"
description = "Classes Without Boilerplate"
optional = false
python-versions = ">=2.7, !=3.0.*, !=3.1.*, !=3.2.*, !=3.3.*, !=3.4.*"
groups = ["dev"]
files = [
    {file = "attrs-21.4.0-py2.py3-none-any.whl", hash = "sha256:2d27e3784d7a565d36ab851fe94887c5eccd6a463168875832a1be79c82828b4"},
    {file = "attrs-21.4.0.tar.gz", hash = "sha256:626ba8234211db98e869df76230a137c4c40a12d72445c45d5f5b716f076e2fd"},
]

[package.extras]
dev = ["cloudpickle ; platform_python_implementation == \"CPython\"", "coverage[toml] (>=5.0.2)", "furo", "hypothesis", "mypy", "pre-commit", "pympler", "pytest (>=4.3.0)", "pytest-mypy-plugins", "six", "sphinx", "sphinx-notfound-page", "zope.interface"]
docs = ["furo", "sphinx", "sphinx-notfound-page", "zope.interface"]
tests = ["cloudpickle ; platform_python_implementation == \"CPython\"", "coverage[toml] (>=5.0.2)", "hypothesis", "mypy", "pympler", "pytest (>=4.3.0)", "pytest-mypy-plugins", "six", "zope.interface"]
tests-no-zope = ["cloudpickle ; platform_python_implementation == \"CPython\"", "coverage[toml] (>=5.0.2)", "hypothesis", "mypy", "pympler", "pytest (>=4.3.0)", "pytest-mypy-plugins", "six"]

[[package]]
name = "cfgv"
version = "3.3.1"
description = "Validate configuration and produce human readable error messages."
optional = false
python-versions = ">=3.6.1"
groups = ["dev"]
files = [
    {file = "cfgv-3.3.1-py2.py3-none-any.whl", hash = "sha256:c6a0883f3917a037485059700b9e75da2464e6c27051014ad85ba6aaa5884426"},
    {file = "cfgv-3.3.1.tar.gz", hash = "sha256:f5a830efb9ce7a445376bb66ec94c638a9787422f96264c98edc6bdeed8ab736"},
]

[[package]]
name = "colorama"
version = "0.4.4"
description = "Cross-platform colored terminal text."
optional = false
python-versions = ">=2.7, !=3.0.*, !=3.1.*, !=3.2.*, !=3.3.*, !=3.4.*"
groups = ["dev"]
markers = "sys_platform == \"win32\""
files = [
    {file = "colorama-0.4.4-py2.py3-none-any.whl", hash = "sha256:9f47eda37229f68eee03b24b9748937c7dc3868f906e8ba69fbcbdd3bc5dc3e2"},
    {file = "colorama-0.4.4.tar.gz", hash = "sha256:5941b2b48a20143d2267e95b1c2a7603ce057ee39fd88e7329b0c292aa16869b"},
]

[[package]]
name = "cycler"
version = "0.11.0"
description = "Composable style cycles"
optional = true
python-versions = ">=3.6"
groups = ["main"]
markers = "extra == \"all\""
files = [
    {file = "cycler-0.11.0-py3-none-any.whl", hash = "sha256:3a27e95f763a428a739d2add979fa7494c912a32c17c4c38c4d5f082cad165a3"},
    {file = "cycler-0.11.0.tar.gz", hash = "sha256:9c87405839a19696e837b3b818fed3f5f69f16f1eec1a1ad77e043dcea9c772f"},
]

[[package]]
name = "distlib"
version = "0.3.4"
description = "Distribution utilities"
optional = false
python-versions = "*"
groups = ["dev"]
files = [
    {file = "distlib-0.3.4-py2.py3-none-any.whl", hash = "sha256:6564fe0a8f51e734df6333d08b8b94d4ea8ee6b99b5ed50613f731fd4089f34b"},
    {file = "distlib-0.3.4.zip", hash = "sha256:e4b58818180336dc9c529bfb9a0b58728ffc09ad92027a3f30b7cd91e3458579"},
]

[[package]]
name = "filelock"
version = "3.6.0"
description = "A platform independent file lock."
optional = false
python-versions = ">=3.7"
groups = ["dev"]
files = [
    {file = "filelock-3.6.0-py3-none-any.whl", hash = "sha256:f8314284bfffbdcfa0ff3d7992b023d4c628ced6feb957351d4c48d059f56bc0"},
    {file = "filelock-3.6.0.tar.gz", hash = "sha256:9cd540a9352e432c7246a48fe4e8712b10acb1df2ad1f30e8c070b82ae1fed85"},
]

[package.extras]
docs = ["furo (>=2021.8.17b43)", "sphinx (>=4.1)", "sphinx-autodoc-typehints (>=1.12)"]
testing = ["covdefaults (>=1.2.0)", "coverage (>=4)", "pytest (>=4)", "pytest-cov", "pytest-timeout (>=1.4.2)"]

[[package]]
name = "fonttools"
version = "4.32.0"
description = "Tools to manipulate font files"
optional = true
python-versions = ">=3.7"
groups = ["main"]
markers = "extra == \"all\""
files = [
    {file = "fonttools-4.32.0-py3-none-any.whl", hash = "sha256:b038d1a0dee0079de7ade57071e2e2aced6e35bd697de244ac62938b2b1628c1"},
    {file = "fonttools-4.32.0.zip", hash = "sha256:59a90de72149893167e3d552ae2402c6874e006b9adc3feaf5f6d706fe20d392"},
]

[package.extras]
all = ["brotli (>=1.0.1) ; platform_python_implementation == \"CPython\"", "brotlicffi (>=0.8.0) ; platform_python_implementation != \"CPython\"", "fs (>=2.2.0,<3)", "lxml (>=4.0,<5)", "lz4 (>=1.7.4.2)", "matplotlib", "munkres ; platform_python_implementation == \"PyPy\"", "scipy ; platform_python_implementation != \"PyPy\"", "skia-pathops (>=0.5.0)", "sympy", "unicodedata2 (>=14.0.0) ; python_version < \"3.11\"", "xattr ; sys_platform == \"darwin\"", "zopfli (>=0.1.4)"]
graphite = ["lz4 (>=1.7.4.2)"]
interpolatable = ["munkres ; platform_python_implementation == \"PyPy\"", "scipy ; platform_python_implementation != \"PyPy\""]
lxml = ["lxml (>=4.0,<5)"]
pathops = ["skia-pathops (>=0.5.0)"]
plot = ["matplotlib"]
symfont = ["sympy"]
type1 = ["xattr ; sys_platform == \"darwin\""]
ufo = ["fs (>=2.2.0,<3)"]
unicode = ["unicodedata2 (>=14.0.0) ; python_version < \"3.11\""]
woff = ["brotli (>=1.0.1) ; platform_python_implementation == \"CPython\"", "brotlicffi (>=0.8.0) ; platform_python_implementation != \"CPython\"", "zopfli (>=0.1.4)"]

[[package]]
name = "identify"
version = "2.4.12"
description = "File identification library for Python"
optional = false
python-versions = ">=3.7"
groups = ["dev"]
files = [
    {file = "identify-2.4.12-py2.py3-none-any.whl", hash = "sha256:5f06b14366bd1facb88b00540a1de05b69b310cbc2654db3c7e07fa3a4339323"},
    {file = "identify-2.4.12.tar.gz", hash = "sha256:3f3244a559290e7d3deb9e9adc7b33594c1bc85a9dd82e0f1be519bf12a1ec17"},
]

[package.extras]
license = ["ukkonen"]

[[package]]
name = "iniconfig"
version = "1.1.1"
description = "iniconfig: brain-dead simple config-ini parsing"
optional = false
python-versions = "*"
groups = ["dev"]
files = [
    {file = "iniconfig-1.1.1-py2.py3-none-any.whl", hash = "sha256:011e24c64b7f47f6ebd835bb12a743f2fbe9a26d4cecaa7f53bc4f35ee9da8b3"},
    {file = "iniconfig-1.1.1.tar.gz", hash = "sha256:bc3af051d7d14b2ee5ef9969666def0cd1a000e121eaea580d4a313df4b37f32"},
]

[[package]]
name = "kiwisolver"
version = "1.4.2"
description = "A fast implementation of the Cassowary constraint solver"
optional = true
python-versions = ">=3.7"
groups = ["main"]
markers = "extra == \"all\""
files = [
    {file = "kiwisolver-1.4.2-cp310-cp310-macosx_10_9_universal2.whl", hash = "sha256:6e395ece147f0692ca7cdb05a028d31b83b72c369f7b4a2c1798f4b96af1e3d8"},
    {file = "kiwisolver-1.4.2-cp310-cp310-macosx_10_9_x86_64.whl", hash = "sha256:0b7f50a1a25361da3440f07c58cd1d79957c2244209e4f166990e770256b6b0b"},
    {file = "kiwisolver-1.4.2-cp310-cp310-macosx_11_0_arm64.whl", hash = "sha256:3c032c41ae4c3a321b43a3650e6ecc7406b99ff3e5279f24c9b310f41bc98479"},
    {file = "kiwisolver-1.4.2-cp310-cp310-manylinux_2_12_i686.manylinux2010_i686.whl", hash = "sha256:1dcade8f6fe12a2bb4efe2cbe22116556e3b6899728d3b2a0d3b367db323eacc"},
    {file = "kiwisolver-1.4.2-cp310-cp310-manylinux_2_12_x86_64.manylinux2010_x86_64.whl", hash = "sha256:0e45e780a74416ef2f173189ef4387e44b5494f45e290bcb1f03735faa6779bf"},
    {file = "kiwisolver-1.4.2-cp310-cp310-manylinux_2_17_aarch64.manylinux2014_aarch64.whl", hash = "sha256:9d2bb56309fb75a811d81ed55fbe2208aa77a3a09ff5f546ca95e7bb5fac6eff"},
    {file = "kiwisolver-1.4.2-cp310-cp310-manylinux_2_17_ppc64le.manylinux2014_ppc64le.whl", hash = "sha256:69b2d6c12f2ad5f55104a36a356192cfb680c049fe5e7c1f6620fc37f119cdc2"},
    {file = "kiwisolver-1.4.2-cp310-cp310-manylinux_2_17_s390x.manylinux2014_s390x.whl", hash = "sha256:262c248c60f22c2b547683ad521e8a3db5909c71f679b93876921549107a0c24"},
    {file = "kiwisolver-1.4.2-cp310-cp310-win32.whl", hash = "sha256:1008346a7741620ab9cc6c96e8ad9b46f7a74ce839dbb8805ddf6b119d5fc6c2"},
    {file = "kiwisolver-1.4.2-cp310-cp310-win_amd64.whl", hash = "sha256:6ece2e12e4b57bc5646b354f436416cd2a6f090c1dadcd92b0ca4542190d7190"},
    {file = "kiwisolver-1.4.2-cp37-cp37m-macosx_10_9_x86_64.whl", hash = "sha256:b978afdb913ca953cf128d57181da2e8798e8b6153be866ae2a9c446c6162f40"},
    {file = "kiwisolver-1.4.2-cp37-cp37m-manylinux_2_17_aarch64.manylinux2014_aarch64.whl", hash = "sha256:7f88c4b8e449908eeddb3bbd4242bd4dc2c7a15a7aa44bb33df893203f02dc2d"},
    {file = "kiwisolver-1.4.2-cp37-cp37m-manylinux_2_17_ppc64le.manylinux2014_ppc64le.whl", hash = "sha256:e348f1904a4fab4153407f7ccc27e43b2a139752e8acf12e6640ba683093dd96"},
    {file = "kiwisolver-1.4.2-cp37-cp37m-manylinux_2_17_s390x.manylinux2014_s390x.whl", hash = "sha256:c839bf28e45d7ddad4ae8f986928dbf5a6d42ff79760d54ec8ada8fb263e097c"},
    {file = "kiwisolver-1.4.2-cp37-cp37m-manylinux_2_5_i686.manylinux1_i686.whl", hash = "sha256:8ae5a071185f1a93777c79a9a1e67ac46544d4607f18d07131eece08d415083a"},
    {file = "kiwisolver-1.4.2-cp37-cp37m-manylinux_2_5_x86_64.manylinux1_x86_64.whl", hash = "sha256:c222f91a45da9e01a9bc4f760727ae49050f8e8345c4ff6525495f7a164c8973"},
    {file = "kiwisolver-1.4.2-cp37-cp37m-win32.whl", hash = "sha256:a4e8f072db1d6fb7a7cc05a6dbef8442c93001f4bb604f1081d8c2db3ca97159"},
    {file = "kiwisolver-1.4.2-cp37-cp37m-win_amd64.whl", hash = "sha256:be9a650890fb60393e60aacb65878c4a38bb334720aa5ecb1c13d0dac54dd73b"},
    {file = "kiwisolver-1.4.2-cp38-cp38-macosx_10_9_universal2.whl", hash = "sha256:8ec2e55bf31b43aabe32089125dca3b46fdfe9f50afbf0756ae11e14c97b80ca"},
    {file = "kiwisolver-1.4.2-cp38-cp38-macosx_10_9_x86_64.whl", hash = "sha256:1d1078ba770d6165abed3d9a1be1f9e79b61515de1dd00d942fa53bba79f01ae"},
    {file = "kiwisolver-1.4.2-cp38-cp38-macosx_11_0_arm64.whl", hash = "sha256:cbb5eb4a2ea1ffec26268d49766cafa8f957fe5c1b41ad00733763fae77f9436"},
    {file = "kiwisolver-1.4.2-cp38-cp38-manylinux_2_17_aarch64.manylinux2014_aarch64.whl", hash = "sha256:2e6cda72db409eefad6b021e8a4f964965a629f577812afc7860c69df7bdb84a"},
    {file = "kiwisolver-1.4.2-cp38-cp38-manylinux_2_17_ppc64le.manylinux2014_ppc64le.whl", hash = "sha256:b1605c7c38cc6a85212dfd6a641f3905a33412e49f7c003f35f9ac6d71f67720"},
    {file = "kiwisolver-1.4.2-cp38-cp38-manylinux_2_17_s390x.manylinux2014_s390x.whl", hash = "sha256:81237957b15469ea9151ec8ca08ce05656090ffabc476a752ef5ad7e2644c526"},
    {file = "kiwisolver-1.4.2-cp38-cp38-manylinux_2_5_i686.manylinux1_i686.whl", hash = "sha256:240009fdf4fa87844f805e23f48995537a8cb8f8c361e35fda6b5ac97fcb906f"},
    {file = "kiwisolver-1.4.2-cp38-cp38-manylinux_2_5_x86_64.manylinux1_x86_64.whl", hash = "sha256:240c2d51d098395c012ddbcb9bd7b3ba5de412a1d11840698859f51d0e643c4f"},
    {file = "kiwisolver-1.4.2-cp38-cp38-win32.whl", hash = "sha256:8b6086aa6936865962b2cee0e7aaecf01ab6778ce099288354a7229b4d9f1408"},
    {file = "kiwisolver-1.4.2-cp38-cp38-win_amd64.whl", hash = "sha256:0d98dca86f77b851350c250f0149aa5852b36572514d20feeadd3c6b1efe38d0"},
    {file = "kiwisolver-1.4.2-cp39-cp39-macosx_10_9_universal2.whl", hash = "sha256:91eb4916271655dfe3a952249cb37a5c00b6ba68b4417ee15af9ba549b5ba61d"},
    {file = "kiwisolver-1.4.2-cp39-cp39-macosx_10_9_x86_64.whl", hash = "sha256:fa4d97d7d2b2c082e67907c0b8d9f31b85aa5d3ba0d33096b7116f03f8061261"},
    {file = "kiwisolver-1.4.2-cp39-cp39-macosx_11_0_arm64.whl", hash = "sha256:71469b5845b9876b8d3d252e201bef6f47bf7456804d2fbe9a1d6e19e78a1e65"},
    {file = "kiwisolver-1.4.2-cp39-cp39-manylinux_2_12_i686.manylinux2010_i686.whl", hash = "sha256:8ff3033e43e7ca1389ee59fb7ecb8303abb8713c008a1da49b00869e92e3dd7c"},
    {file = "kiwisolver-1.4.2-cp39-cp39-manylinux_2_12_x86_64.manylinux2010_x86_64.whl", hash = "sha256:89b57c2984f4464840e4b768affeff6b6809c6150d1166938ade3e22fbe22db8"},
    {file = "kiwisolver-1.4.2-cp39-cp39-manylinux_2_17_aarch64.manylinux2014_aarch64.whl", hash = "sha256:ffbdb9a96c536f0405895b5e21ee39ec579cb0ed97bdbd169ae2b55f41d73219"},
    {file = "kiwisolver-1.4.2-cp39-cp39-manylinux_2_17_ppc64le.manylinux2014_ppc64le.whl", hash = "sha256:8a830a03970c462d1a2311c90e05679da56d3bd8e78a4ba9985cb78ef7836c9f"},
    {file = "kiwisolver-1.4.2-cp39-cp39-manylinux_2_17_s390x.manylinux2014_s390x.whl", hash = "sha256:f74f2a13af201559e3d32b9ddfc303c94ae63d63d7f4326d06ce6fe67e7a8255"},
    {file = "kiwisolver-1.4.2-cp39-cp39-win32.whl", hash = "sha256:e677cc3626287f343de751e11b1e8a5b915a6ac897e8aecdbc996cd34de753a0"},
    {file = "kiwisolver-1.4.2-cp39-cp39-win_amd64.whl", hash = "sha256:b3e251e5c38ac623c5d786adb21477f018712f8c6fa54781bd38aa1c60b60fc2"},
    {file = "kiwisolver-1.4.2-pp37-pypy37_pp73-manylinux_2_12_i686.manylinux2010_i686.whl", hash = "sha256:0c380bb5ae20d829c1a5473cfcae64267b73aaa4060adc091f6df1743784aae0"},
    {file = "kiwisolver-1.4.2-pp37-pypy37_pp73-manylinux_2_12_x86_64.manylinux2010_x86_64.whl", hash = "sha256:484f2a5f0307bc944bc79db235f41048bae4106ffa764168a068d88b644b305d"},
    {file = "kiwisolver-1.4.2-pp37-pypy37_pp73-manylinux_2_17_aarch64.manylinux2014_aarch64.whl", hash = "sha256:0e8afdf533b613122e4bbaf3c1e42c2a5e9e2d1dd3a0a017749a7658757cb377"},
    {file = "kiwisolver-1.4.2-pp37-pypy37_pp73-win_amd64.whl", hash = "sha256:42f6ef9b640deb6f7d438e0a371aedd8bef6ddfde30683491b2e6f568b4e884e"},
    {file = "kiwisolver-1.4.2.tar.gz", hash = "sha256:7f606d91b8a8816be476513a77fd30abe66227039bd6f8b406c348cb0247dcc9"},
]

[[package]]
name = "matplotlib"
version = "3.5.1"
description = "Python plotting package"
optional = true
python-versions = ">=3.7"
groups = ["main"]
markers = "extra == \"all\""
files = [
    {file = "matplotlib-3.5.1-cp310-cp310-macosx_10_9_universal2.whl", hash = "sha256:456cc8334f6d1124e8ff856b42d2cc1c84335375a16448189999496549f7182b"},
    {file = "matplotlib-3.5.1-cp310-cp310-macosx_10_9_x86_64.whl", hash = "sha256:8a77906dc2ef9b67407cec0bdbf08e3971141e535db888974a915be5e1e3efc6"},
    {file = "matplotlib-3.5.1-cp310-cp310-macosx_11_0_arm64.whl", hash = "sha256:8e70ae6475cfd0fad3816dcbf6cac536dc6f100f7474be58d59fa306e6e768a4"},
    {file = "matplotlib-3.5.1-cp310-cp310-manylinux_2_17_aarch64.manylinux2014_aarch64.whl", hash = "sha256:53273c5487d1c19c3bc03b9eb82adaf8456f243b97ed79d09dded747abaf1235"},
    {file = "matplotlib-3.5.1-cp310-cp310-manylinux_2_17_i686.manylinux2014_i686.whl", hash = "sha256:e3b6f3fd0d8ca37861c31e9a7cab71a0ef14c639b4c95654ea1dd153158bf0df"},
    {file = "matplotlib-3.5.1-cp310-cp310-manylinux_2_17_x86_64.manylinux2014_x86_64.whl", hash = "sha256:e8c87cdaf06fd7b2477f68909838ff4176f105064a72ca9d24d3f2a29f73d393"},
    {file = "matplotlib-3.5.1-cp310-cp310-win32.whl", hash = "sha256:e2f28a07b4f82abb40267864ad7b3a4ed76f1b1663e81c7efc84a9b9248f672f"},
    {file = "matplotlib-3.5.1-cp310-cp310-win_amd64.whl", hash = "sha256:d70a32ee1f8b55eed3fd4e892f0286df8cccc7e0475c11d33b5d0a148f5c7599"},
    {file = "matplotlib-3.5.1-cp37-cp37m-macosx_10_9_x86_64.whl", hash = "sha256:68fa30cec89b6139dc559ed6ef226c53fd80396da1919a1b5ef672c911aaa767"},
    {file = "matplotlib-3.5.1-cp37-cp37m-manylinux_2_17_aarch64.manylinux2014_aarch64.whl", hash = "sha256:2e3484d8455af3fdb0424eae1789af61f6a79da0c80079125112fd5c1b604218"},
    {file = "matplotlib-3.5.1-cp37-cp37m-manylinux_2_5_i686.manylinux1_i686.whl", hash = "sha256:e293b16cf303fe82995e41700d172a58a15efc5331125d08246b520843ef21ee"},
    {file = "matplotlib-3.5.1-cp37-cp37m-manylinux_2_5_x86_64.manylinux1_x86_64.whl", hash = "sha256:e3520a274a0e054e919f5b3279ee5dbccf5311833819ccf3399dab7c83e90a25"},
    {file = "matplotlib-3.5.1-cp37-cp37m-win32.whl", hash = "sha256:2252bfac85cec7af4a67e494bfccf9080bcba8a0299701eab075f48847cca907"},
    {file = "matplotlib-3.5.1-cp37-cp37m-win_amd64.whl", hash = "sha256:abf67e05a1b7f86583f6ebd01f69b693b9c535276f4e943292e444855870a1b8"},
    {file = "matplotlib-3.5.1-cp38-cp38-macosx_10_9_universal2.whl", hash = "sha256:6c094e4bfecd2fa7f9adffd03d8abceed7157c928c2976899de282f3600f0a3d"},
    {file = "matplotlib-3.5.1-cp38-cp38-macosx_10_9_x86_64.whl", hash = "sha256:506b210cc6e66a0d1c2bb765d055f4f6bc2745070fb1129203b67e85bbfa5c18"},
    {file = "matplotlib-3.5.1-cp38-cp38-macosx_11_0_arm64.whl", hash = "sha256:b04fc29bcef04d4e2d626af28d9d892be6aba94856cb46ed52bcb219ceac8943"},
    {file = "matplotlib-3.5.1-cp38-cp38-manylinux_2_17_aarch64.manylinux2014_aarch64.whl", hash = "sha256:577ed20ec9a18d6bdedb4616f5e9e957b4c08563a9f985563a31fd5b10564d2a"},
    {file = "matplotlib-3.5.1-cp38-cp38-manylinux_2_5_i686.manylinux1_i686.whl", hash = "sha256:e486f60db0cd1c8d68464d9484fd2a94011c1ac8593d765d0211f9daba2bd535"},
    {file = "matplotlib-3.5.1-cp38-cp38-manylinux_2_5_x86_64.manylinux1_x86_64.whl", hash = "sha256:b71f3a7ca935fc759f2aed7cec06cfe10bc3100fadb5dbd9c435b04e557971e1"},
    {file = "matplotlib-3.5.1-cp38-cp38-win32.whl", hash = "sha256:d24e5bb8028541ce25e59390122f5e48c8506b7e35587e5135efcb6471b4ac6c"},
    {file = "matplotlib-3.5.1-cp38-cp38-win_amd64.whl", hash = "sha256:778d398c4866d8e36ee3bf833779c940b5f57192fa0a549b3ad67bc4c822771b"},
    {file = "matplotlib-3.5.1-cp39-cp39-macosx_10_9_universal2.whl", hash = "sha256:bb1c613908f11bac270bc7494d68b1ef6e7c224b7a4204d5dacf3522a41e2bc3"},
    {file = "matplotlib-3.5.1-cp39-cp39-macosx_10_9_x86_64.whl", hash = "sha256:edf5e4e1d5fb22c18820e8586fb867455de3b109c309cb4fce3aaed85d9468d1"},
    {file = "matplotlib-3.5.1-cp39-cp39-macosx_11_0_arm64.whl", hash = "sha256:40e0d7df05e8efe60397c69b467fc8f87a2affeb4d562fe92b72ff8937a2b511"},
    {file = "matplotlib-3.5.1-cp39-cp39-manylinux_2_17_aarch64.manylinux2014_aarch64.whl", hash = "sha256:7a350ca685d9f594123f652ba796ee37219bf72c8e0fc4b471473d87121d6d34"},
    {file = "matplotlib-3.5.1-cp39-cp39-manylinux_2_5_i686.manylinux1_i686.whl", hash = "sha256:3e66497cd990b1a130e21919b004da2f1dc112132c01ac78011a90a0f9229778"},
    {file = "matplotlib-3.5.1-cp39-cp39-manylinux_2_5_x86_64.manylinux1_x86_64.whl", hash = "sha256:87900c67c0f1728e6db17c6809ec05c025c6624dcf96a8020326ea15378fe8e7"},
    {file = "matplotlib-3.5.1-cp39-cp39-win32.whl", hash = "sha256:b8a4fb2a0c5afbe9604f8a91d7d0f27b1832c3e0b5e365f95a13015822b4cd65"},
    {file = "matplotlib-3.5.1-cp39-cp39-win_amd64.whl", hash = "sha256:fe8d40c434a8e2c68d64c6d6a04e77f21791a93ff6afe0dce169597c110d3079"},
    {file = "matplotlib-3.5.1-pp37-pypy37_pp73-macosx_10_9_x86_64.whl", hash = "sha256:34a1fc29f8f96e78ec57a5eff5e8d8b53d3298c3be6df61e7aa9efba26929522"},
    {file = "matplotlib-3.5.1-pp37-pypy37_pp73-manylinux_2_12_i686.manylinux2010_i686.whl", hash = "sha256:b19a761b948e939a9e20173aaae76070025f0024fc8f7ba08bef22a5c8573afc"},
    {file = "matplotlib-3.5.1-pp37-pypy37_pp73-manylinux_2_12_x86_64.manylinux2010_x86_64.whl", hash = "sha256:6803299cbf4665eca14428d9e886de62e24f4223ac31ab9c5d6d5339a39782c7"},
    {file = "matplotlib-3.5.1-pp37-pypy37_pp73-win_amd64.whl", hash = "sha256:14334b9902ec776461c4b8c6516e26b450f7ebe0b3ef8703bf5cdfbbaecf774a"},
    {file = "matplotlib-3.5.1.tar.gz", hash = "sha256:b2e9810e09c3a47b73ce9cab5a72243a1258f61e7900969097a817232246ce1c"},
]

[package.dependencies]
cycler = ">=0.10"
fonttools = ">=4.22.0"
kiwisolver = ">=1.0.1"
numpy = ">=1.17"
packaging = ">=20.0"
pillow = ">=6.2.0"
pyparsing = ">=2.2.1"
python-dateutil = ">=2.7"

[[package]]
name = "nodeenv"
version = "1.6.0"
description = "Node.js virtual environment builder"
optional = false
python-versions = "*"
groups = ["dev"]
files = [
    {file = "nodeenv-1.6.0-py2.py3-none-any.whl", hash = "sha256:621e6b7076565ddcacd2db0294c0381e01fd28945ab36bcf00f41c5daf63bef7"},
    {file = "nodeenv-1.6.0.tar.gz", hash = "sha256:3ef13ff90291ba2a4a7a4ff9a979b63ffdd00a464dbe04acf0ea6471517a4c2b"},
]

[[package]]
name = "numpy"
version = "1.22.3"
description = "NumPy is the fundamental package for array computing with Python."
optional = true
python-versions = ">=3.8"
groups = ["main"]
markers = "extra == \"all\""
files = [
    {file = "numpy-1.22.3-cp310-cp310-macosx_10_14_x86_64.whl", hash = "sha256:92bfa69cfbdf7dfc3040978ad09a48091143cffb778ec3b03fa170c494118d75"},
    {file = "numpy-1.22.3-cp310-cp310-macosx_11_0_arm64.whl", hash = "sha256:8251ed96f38b47b4295b1ae51631de7ffa8260b5b087808ef09a39a9d66c97ab"},
    {file = "numpy-1.22.3-cp310-cp310-manylinux_2_17_aarch64.manylinux2014_aarch64.whl", hash = "sha256:48a3aecd3b997bf452a2dedb11f4e79bc5bfd21a1d4cc760e703c31d57c84b3e"},
    {file = "numpy-1.22.3-cp310-cp310-manylinux_2_17_x86_64.manylinux2014_x86_64.whl", hash = "sha256:a3bae1a2ed00e90b3ba5f7bd0a7c7999b55d609e0c54ceb2b076a25e345fa9f4"},
    {file = "numpy-1.22.3-cp310-cp310-win32.whl", hash = "sha256:f950f8845b480cffe522913d35567e29dd381b0dc7e4ce6a4a9f9156417d2430"},
    {file = "numpy-1.22.3-cp310-cp310-win_amd64.whl", hash = "sha256:08d9b008d0156c70dc392bb3ab3abb6e7a711383c3247b410b39962263576cd4"},
    {file = "numpy-1.22.3-cp38-cp38-macosx_10_14_x86_64.whl", hash = "sha256:201b4d0552831f7250a08d3b38de0d989d6f6e4658b709a02a73c524ccc6ffce"},
    {file = "numpy-1.22.3-cp38-cp38-macosx_11_0_arm64.whl", hash = "sha256:f8c1f39caad2c896bc0018f699882b345b2a63708008be29b1f355ebf6f933fe"},
    {file = "numpy-1.22.3-cp38-cp38-manylinux_2_17_aarch64.manylinux2014_aarch64.whl", hash = "sha256:568dfd16224abddafb1cbcce2ff14f522abe037268514dd7e42c6776a1c3f8e5"},
    {file = "numpy-1.22.3-cp38-cp38-manylinux_2_17_x86_64.manylinux2014_x86_64.whl", hash = "sha256:3ca688e1b9b95d80250bca34b11a05e389b1420d00e87a0d12dc45f131f704a1"},
    {file = "numpy-1.22.3-cp38-cp38-win32.whl", hash = "sha256:e7927a589df200c5e23c57970bafbd0cd322459aa7b1ff73b7c2e84d6e3eae62"},
    {file = "numpy-1.22.3-cp38-cp38-win_amd64.whl", hash = "sha256:07a8c89a04997625236c5ecb7afe35a02af3896c8aa01890a849913a2309c676"},
    {file = "numpy-1.22.3-cp39-cp39-macosx_10_14_x86_64.whl", hash = "sha256:2c10a93606e0b4b95c9b04b77dc349b398fdfbda382d2a39ba5a822f669a0123"},
    {file = "numpy-1.22.3-cp39-cp39-macosx_11_0_arm64.whl", hash = "sha256:fade0d4f4d292b6f39951b6836d7a3c7ef5b2347f3c420cd9820a1d90d794802"},
    {file = "numpy-1.22.3-cp39-cp39-manylinux_2_17_aarch64.manylinux2014_aarch64.whl", hash = "sha256:5bfb1bb598e8229c2d5d48db1860bcf4311337864ea3efdbe1171fb0c5da515d"},
    {file = "numpy-1.22.3-cp39-cp39-manylinux_2_17_x86_64.manylinux2014_x86_64.whl", hash = "sha256:97098b95aa4e418529099c26558eeb8486e66bd1e53a6b606d684d0c3616b168"},
    {file = "numpy-1.22.3-cp39-cp39-win32.whl", hash = "sha256:fdf3c08bce27132395d3c3ba1503cac12e17282358cb4bddc25cc46b0aca07aa"},
    {file = "numpy-1.22.3-cp39-cp39-win_amd64.whl", hash = "sha256:639b54cdf6aa4f82fe37ebf70401bbb74b8508fddcf4797f9fe59615b8c5813a"},
    {file = "numpy-1.22.3-pp38-pypy38_pp73-manylinux_2_17_x86_64.manylinux2014_x86_64.whl", hash = "sha256:c34ea7e9d13a70bf2ab64a2532fe149a9aced424cd05a2c4ba662fd989e3e45f"},
    {file = "numpy-1.22.3.zip", hash = "sha256:dbc7601a3b7472d559dc7b933b18b4b66f9aa7452c120e87dfb33d02008c8a18"},
]

[[package]]
name = "opencv-python-headless"
version = "4.5.5.64"
description = "Wrapper package for OpenCV python bindings."
optional = true
python-versions = ">=3.6"
groups = ["main"]
markers = "extra == \"all\""
files = [
    {file = "opencv-python-headless-4.5.5.64.tar.gz", hash = "sha256:c3c2dda44d601757a508b07d628537c49f31223ad4edd0f747a70d4c852a7b98"},
    {file = "opencv_python_headless-4.5.5.64-cp36-abi3-macosx_10_15_x86_64.whl", hash = "sha256:62e31878641a8f96e773118d1eea9f34bdda87c9990a0faab04ebaafb5ae015c"},
    {file = "opencv_python_headless-4.5.5.64-cp36-abi3-manylinux_2_17_aarch64.manylinux2014_aarch64.whl", hash = "sha256:567a54c1919bcf5b3d20a9830e3c511e57134de8def286ce137c3544a892f98c"},
    {file = "opencv_python_headless-4.5.5.64-cp36-abi3-manylinux_2_17_x86_64.manylinux2014_x86_64.whl", hash = "sha256:3f330468c29882dbbec5af25695c5e575572c6b855cb0f9fe53e14116fd46bfc"},
    {file = "opencv_python_headless-4.5.5.64-cp36-abi3-win32.whl", hash = "sha256:4bdf982574bf2fefc5f82c86df7cb42e56ad627874c7c0f4d94ecf4ae8885304"},
    {file = "opencv_python_headless-4.5.5.64-cp36-abi3-win_amd64.whl", hash = "sha256:a60e9ff48854ec37be391e19dd634883cc26c2f0f814e5325b3deca33420912c"},
    {file = "opencv_python_headless-4.5.5.64-cp37-abi3-macosx_11_0_arm64.whl", hash = "sha256:ca4f013fa958f60fb2327fe87e6127c1ac0ab536890b1d4b00847f417b7af1ba"},
]

[package.dependencies]
numpy = [
    {version = ">=1.21.2", markers = "python_version >= \"3.10\" or python_version >= \"3.9\" and platform_system == \"Darwin\" and platform_machine == \"arm64\""},
    {version = ">=1.19.3", markers = "python_version >= \"3.8\" and platform_system == \"Linux\" and platform_machine == \"aarch64\" and python_version < \"3.10\" or python_version == \"3.9\" and platform_system != \"Darwin\" or python_version == \"3.9\" and platform_machine != \"arm64\""},
]

[[package]]
name = "packaging"
version = "21.3"
description = "Core utilities for Python packages"
optional = false
python-versions = ">=3.6"
groups = ["main", "dev"]
files = [
    {file = "packaging-21.3-py3-none-any.whl", hash = "sha256:ef103e05f519cdc783ae24ea4e2e0f508a9c99b2d4969652eed6a2e1ea5bd522"},
    {file = "packaging-21.3.tar.gz", hash = "sha256:dd47c42927d89ab911e606518907cc2d3a1f38bbd026385970643f9c5b8ecfeb"},
]
markers = {main = "extra == \"all\""}

[package.dependencies]
pyparsing = ">=2.0.2,<3.0.5 || >3.0.5"

[[package]]
name = "pillow"
version = "9.1.0"
description = "Python Imaging Library (Fork)"
optional = true
python-versions = ">=3.7"
groups = ["main"]
markers = "extra == \"all\""
files = [
    {file = "Pillow-9.1.0-cp310-cp310-macosx_10_9_x86_64.whl", hash = "sha256:af79d3fde1fc2e33561166d62e3b63f0cc3e47b5a3a2e5fea40d4917754734ea"},
    {file = "Pillow-9.1.0-cp310-cp310-macosx_11_0_arm64.whl", hash = "sha256:55dd1cf09a1fd7c7b78425967aacae9b0d70125f7d3ab973fadc7b5abc3de652"},
    {file = "Pillow-9.1.0-cp310-cp310-manylinux_2_17_aarch64.manylinux2014_aarch64.whl", hash = "sha256:66822d01e82506a19407d1afc104c3fcea3b81d5eb11485e593ad6b8492f995a"},
    {file = "Pillow-9.1.0-cp310-cp310-manylinux_2_17_i686.manylinux2014_i686.whl", hash = "sha256:a5eaf3b42df2bcda61c53a742ee2c6e63f777d0e085bbc6b2ab7ed57deb13db7"},
    {file = "Pillow-9.1.0-cp310-cp310-manylinux_2_17_x86_64.manylinux2014_x86_64.whl", hash = "sha256:01ce45deec9df310cbbee11104bae1a2a43308dd9c317f99235b6d3080ddd66e"},
    {file = "Pillow-9.1.0-cp310-cp310-musllinux_1_1_x86_64.whl", hash = "sha256:aea7ce61328e15943d7b9eaca87e81f7c62ff90f669116f857262e9da4057ba3"},
    {file = "Pillow-9.1.0-cp310-cp310-win32.whl", hash = "sha256:7a053bd4d65a3294b153bdd7724dce864a1d548416a5ef61f6d03bf149205160"},
    {file = "Pillow-9.1.0-cp310-cp310-win_amd64.whl", hash = "sha256:97bda660702a856c2c9e12ec26fc6d187631ddfd896ff685814ab21ef0597033"},
    {file = "Pillow-9.1.0-cp37-cp37m-macosx_10_9_x86_64.whl", hash = "sha256:21dee8466b42912335151d24c1665fcf44dc2ee47e021d233a40c3ca5adae59c"},
    {file = "Pillow-9.1.0-cp37-cp37m-manylinux_2_17_aarch64.manylinux2014_aarch64.whl", hash = "sha256:6b6d4050b208c8ff886fd3db6690bf04f9a48749d78b41b7a5bf24c236ab0165"},
    {file = "Pillow-9.1.0-cp37-cp37m-manylinux_2_17_i686.manylinux2014_i686.whl", hash = "sha256:5cfca31ab4c13552a0f354c87fbd7f162a4fafd25e6b521bba93a57fe6a3700a"},
    {file = "Pillow-9.1.0-cp37-cp37m-manylinux_2_17_x86_64.manylinux2014_x86_64.whl", hash = "sha256:ed742214068efa95e9844c2d9129e209ed63f61baa4d54dbf4cf8b5e2d30ccf2"},
    {file = "Pillow-9.1.0-cp37-cp37m-win32.whl", hash = "sha256:c9efef876c21788366ea1f50ecb39d5d6f65febe25ad1d4c0b8dff98843ac244"},
    {file = "Pillow-9.1.0-cp37-cp37m-win_amd64.whl", hash = "sha256:de344bcf6e2463bb25179d74d6e7989e375f906bcec8cb86edb8b12acbc7dfef"},
    {file = "Pillow-9.1.0-cp38-cp38-macosx_10_9_x86_64.whl", hash = "sha256:17869489de2fce6c36690a0c721bd3db176194af5f39249c1ac56d0bb0fcc512"},
    {file = "Pillow-9.1.0-cp38-cp38-macosx_11_0_arm64.whl", hash = "sha256:25023a6209a4d7c42154073144608c9a71d3512b648a2f5d4465182cb93d3477"},
    {file = "Pillow-9.1.0-cp38-cp38-manylinux_2_17_aarch64.manylinux2014_aarch64.whl", hash = "sha256:8782189c796eff29dbb37dd87afa4ad4d40fc90b2742704f94812851b725964b"},
    {file = "Pillow-9.1.0-cp38-cp38-manylinux_2_17_i686.manylinux2014_i686.whl", hash = "sha256:463acf531f5d0925ca55904fa668bb3461c3ef6bc779e1d6d8a488092bdee378"},
    {file = "Pillow-9.1.0-cp38-cp38-manylinux_2_17_x86_64.manylinux2014_x86_64.whl", hash = "sha256:3f42364485bfdab19c1373b5cd62f7c5ab7cc052e19644862ec8f15bb8af289e"},
    {file = "Pillow-9.1.0-cp38-cp38-musllinux_1_1_x86_64.whl", hash = "sha256:3fddcdb619ba04491e8f771636583a7cc5a5051cd193ff1aa1ee8616d2a692c5"},
    {file = "Pillow-9.1.0-cp38-cp38-win32.whl", hash = "sha256:4fe29a070de394e449fd88ebe1624d1e2d7ddeed4c12e0b31624561b58948d9a"},
    {file = "Pillow-9.1.0-cp38-cp38-win_amd64.whl", hash = "sha256:c24f718f9dd73bb2b31a6201e6db5ea4a61fdd1d1c200f43ee585fc6dcd21b34"},
    {file = "Pillow-9.1.0-cp39-cp39-macosx_10_9_x86_64.whl", hash = "sha256:fb89397013cf302f282f0fc998bb7abf11d49dcff72c8ecb320f76ea6e2c5717"},
    {file = "Pillow-9.1.0-cp39-cp39-macosx_11_0_arm64.whl", hash = "sha256:c870193cce4b76713a2b29be5d8327c8ccbe0d4a49bc22968aa1e680930f5581"},
    {file = "Pillow-9.1.0-cp39-cp39-manylinux_2_17_aarch64.manylinux2014_aarch64.whl", hash = "sha256:69e5ddc609230d4408277af135c5b5c8fe7a54b2bdb8ad7c5100b86b3aab04c6"},
    {file = "Pillow-9.1.0-cp39-cp39-manylinux_2_17_i686.manylinux2014_i686.whl", hash = "sha256:35be4a9f65441d9982240e6966c1eaa1c654c4e5e931eaf580130409e31804d4"},
    {file = "Pillow-9.1.0-cp39-cp39-manylinux_2_17_x86_64.manylinux2014_x86_64.whl", hash = "sha256:82283af99c1c3a5ba1da44c67296d5aad19f11c535b551a5ae55328a317ce331"},
    {file = "Pillow-9.1.0-cp39-cp39-musllinux_1_1_x86_64.whl", hash = "sha256:a325ac71914c5c043fa50441b36606e64a10cd262de12f7a179620f579752ff8"},
    {file = "Pillow-9.1.0-cp39-cp39-win32.whl", hash = "sha256:a598d8830f6ef5501002ae85c7dbfcd9c27cc4efc02a1989369303ba85573e58"},
    {file = "Pillow-9.1.0-cp39-cp39-win_amd64.whl", hash = "sha256:0c51cb9edac8a5abd069fd0758ac0a8bfe52c261ee0e330f363548aca6893595"},
    {file = "Pillow-9.1.0-pp37-pypy37_pp73-macosx_10_9_x86_64.whl", hash = "sha256:a336a4f74baf67e26f3acc4d61c913e378e931817cd1e2ef4dfb79d3e051b481"},
    {file = "Pillow-9.1.0-pp37-pypy37_pp73-manylinux_2_17_i686.manylinux2014_i686.whl", hash = "sha256:eb1b89b11256b5b6cad5e7593f9061ac4624f7651f7a8eb4dfa37caa1dfaa4d0"},
    {file = "Pillow-9.1.0-pp37-pypy37_pp73-manylinux_2_17_x86_64.manylinux2014_x86_64.whl", hash = "sha256:255c9d69754a4c90b0ee484967fc8818c7ff8311c6dddcc43a4340e10cd1636a"},
    {file = "Pillow-9.1.0-pp38-pypy38_pp73-macosx_10_9_x86_64.whl", hash = "sha256:5a3ecc026ea0e14d0ad7cd990ea7f48bfcb3eb4271034657dc9d06933c6629a7"},
    {file = "Pillow-9.1.0-pp38-pypy38_pp73-manylinux_2_17_i686.manylinux2014_i686.whl", hash = "sha256:c5b0ff59785d93b3437c3703e3c64c178aabada51dea2a7f2c5eccf1bcf565a3"},
    {file = "Pillow-9.1.0-pp38-pypy38_pp73-manylinux_2_17_x86_64.manylinux2014_x86_64.whl", hash = "sha256:c7110ec1701b0bf8df569a7592a196c9d07c764a0a74f65471ea56816f10e2c8"},
    {file = "Pillow-9.1.0-pp38-pypy38_pp73-win_amd64.whl", hash = "sha256:8d79c6f468215d1a8415aa53d9868a6b40c4682165b8cb62a221b1baa47db458"},
    {file = "Pillow-9.1.0.tar.gz", hash = "sha256:f401ed2bbb155e1ade150ccc63db1a4f6c1909d3d378f7d1235a44e90d75fb97"},
]

[package.extras]
docs = ["olefile", "sphinx (>=2.4)", "sphinx-copybutton", "sphinx-issues (>=3.0.1)", "sphinx-removed-in", "sphinx-rtd-theme (>=1.0)", "sphinxext-opengraph"]
tests = ["check-manifest", "coverage", "defusedxml", "markdown2", "olefile", "packaging", "pyroma", "pytest", "pytest-cov", "pytest-timeout"]

[[package]]
name = "platformdirs"
version = "2.5.1"
description = "A small Python module for determining appropriate platform-specific dirs, e.g. a \"user data dir\"."
optional = false
python-versions = ">=3.7"
groups = ["dev"]
files = [
    {file = "platformdirs-2.5.1-py3-none-any.whl", hash = "sha256:bcae7cab893c2d310a711b70b24efb93334febe65f8de776ee320b517471e227"},
    {file = "platformdirs-2.5.1.tar.gz", hash = "sha256:7535e70dfa32e84d4b34996ea99c5e432fa29a708d0f4e394bbcb2a8faa4f16d"},
]

[package.extras]
docs = ["Sphinx (>=4)", "furo (>=2021.7.5b38)", "proselint (>=0.10.2)", "sphinx-autodoc-typehints (>=1.12)"]
test = ["appdirs (==1.4.4)", "pytest (>=6)", "pytest-cov (>=2.7)", "pytest-mock (>=3.6)"]

[[package]]
name = "pluggy"
version = "1.0.0"
description = "plugin and hook calling mechanisms for python"
optional = false
python-versions = ">=3.6"
groups = ["dev"]
files = [
    {file = "pluggy-1.0.0-py2.py3-none-any.whl", hash = "sha256:74134bbf457f031a36d68416e1509f34bd5ccc019f0bcc952c7b909d06b37bd3"},
    {file = "pluggy-1.0.0.tar.gz", hash = "sha256:4224373bacce55f955a878bf9cfa763c1e360858e330072059e10bad68531159"},
]

[package.extras]
dev = ["pre-commit", "tox"]
testing = ["pytest", "pytest-benchmark"]

[[package]]
name = "pre-commit"
version = "4.3.0"
description = "A framework for managing and maintaining multi-language pre-commit hooks."
optional = false
python-versions = ">=3.9"
groups = ["dev"]
files = [
    {file = "pre_commit-4.3.0-py2.py3-none-any.whl", hash = "sha256:2b0747ad7e6e967169136edffee14c16e148a778a54e4f967921aa1ebf2308d8"},
    {file = "pre_commit-4.3.0.tar.gz", hash = "sha256:499fe450cc9d42e9d58e606262795ecb64dd05438943c62b66f6a8673da30b16"},
]

[package.dependencies]
cfgv = ">=2.0.0"
identify = ">=1.0.0"
nodeenv = ">=0.11.1"
pyyaml = ">=5.1"
virtualenv = ">=20.10.0"

[[package]]
name = "py"
version = "1.11.0"
description = "library with cross-python path, ini-parsing, io, code, log facilities"
optional = false
python-versions = ">=2.7, !=3.0.*, !=3.1.*, !=3.2.*, !=3.3.*, !=3.4.*"
groups = ["dev"]
files = [
    {file = "py-1.11.0-py2.py3-none-any.whl", hash = "sha256:607c53218732647dff4acdfcd50cb62615cedf612e72d1724fb1a0cc6405b378"},
    {file = "py-1.11.0.tar.gz", hash = "sha256:51c75c4126074b472f746a24399ad32f6053d1b34b68d2fa41e558e6f4a98719"},
]

[[package]]
name = "pyparsing"
version = "3.0.7"
description = "Python parsing module"
optional = false
python-versions = ">=3.6"
groups = ["main", "dev"]
files = [
    {file = "pyparsing-3.0.7-py3-none-any.whl", hash = "sha256:a6c06a88f252e6c322f65faf8f418b16213b51bdfaece0524c1c1bc30c63c484"},
    {file = "pyparsing-3.0.7.tar.gz", hash = "sha256:18ee9022775d270c55187733956460083db60b37d0d0fb357445f3094eed3eea"},
]
markers = {main = "extra == \"all\""}

[package.extras]
diagrams = ["jinja2", "railroad-diagrams"]

[[package]]
name = "pytest"
version = "6.2.5"
description = "pytest: simple powerful testing with Python"
optional = false
python-versions = ">=3.6"
groups = ["dev"]
files = [
    {file = "pytest-6.2.5-py3-none-any.whl", hash = "sha256:7310f8d27bc79ced999e760ca304d69f6ba6c6649c0b60fb0e04a4a77cacc134"},
    {file = "pytest-6.2.5.tar.gz", hash = "sha256:131b36680866a76e6781d13f101efb86cf674ebb9762eb70d3082b6f29889e89"},
]

[package.dependencies]
atomicwrites = {version = ">=1.0", markers = "sys_platform == \"win32\""}
attrs = ">=19.2.0"
colorama = {version = "*", markers = "sys_platform == \"win32\""}
iniconfig = "*"
packaging = "*"
pluggy = ">=0.12,<2.0"
py = ">=1.8.2"
toml = "*"

[package.extras]
testing = ["argcomplete", "hypothesis (>=3.56)", "mock", "nose", "requests", "xmlschema"]

[[package]]
name = "python-dateutil"
version = "2.8.2"
description = "Extensions to the standard Python datetime module"
optional = true
python-versions = "!=3.0.*,!=3.1.*,!=3.2.*,>=2.7"
groups = ["main"]
markers = "extra == \"all\""
files = [
    {file = "python-dateutil-2.8.2.tar.gz", hash = "sha256:0123cacc1627ae19ddf3c27a5de5bd67ee4586fbdd6440d9748f8abb483d3e86"},
    {file = "python_dateutil-2.8.2-py2.py3-none-any.whl", hash = "sha256:961d03dc3453ebbc59dbdea9e4e11c5651520a876d0f4db161e8674aae935da9"},
]

[package.dependencies]
six = ">=1.5"

[[package]]
name = "pyyaml"
version = "6.0.2"
description = "YAML parser and emitter for Python"
optional = false
python-versions = ">=3.8"
groups = ["main", "dev"]
files = [
    {file = "PyYAML-6.0.2-cp310-cp310-macosx_10_9_x86_64.whl", hash = "sha256:0a9a2848a5b7feac301353437eb7d5957887edbf81d56e903999a75a3d743086"},
    {file = "PyYAML-6.0.2-cp310-cp310-macosx_11_0_arm64.whl", hash = "sha256:29717114e51c84ddfba879543fb232a6ed60086602313ca38cce623c1d62cfbf"},
    {file = "PyYAML-6.0.2-cp310-cp310-manylinux_2_17_aarch64.manylinux2014_aarch64.whl", hash = "sha256:8824b5a04a04a047e72eea5cec3bc266db09e35de6bdfe34c9436ac5ee27d237"},
    {file = "PyYAML-6.0.2-cp310-cp310-manylinux_2_17_s390x.manylinux2014_s390x.whl", hash = "sha256:7c36280e6fb8385e520936c3cb3b8042851904eba0e58d277dca80a5cfed590b"},
    {file = "PyYAML-6.0.2-cp310-cp310-manylinux_2_17_x86_64.manylinux2014_x86_64.whl", hash = "sha256:ec031d5d2feb36d1d1a24380e4db6d43695f3748343d99434e6f5f9156aaa2ed"},
    {file = "PyYAML-6.0.2-cp310-cp310-musllinux_1_1_aarch64.whl", hash = "sha256:936d68689298c36b53b29f23c6dbb74de12b4ac12ca6cfe0e047bedceea56180"},
    {file = "PyYAML-6.0.2-cp310-cp310-musllinux_1_1_x86_64.whl", hash = "sha256:23502f431948090f597378482b4812b0caae32c22213aecf3b55325e049a6c68"},
    {file = "PyYAML-6.0.2-cp310-cp310-win32.whl", hash = "sha256:2e99c6826ffa974fe6e27cdb5ed0021786b03fc98e5ee3c5bfe1fd5015f42b99"},
    {file = "PyYAML-6.0.2-cp310-cp310-win_amd64.whl", hash = "sha256:a4d3091415f010369ae4ed1fc6b79def9416358877534caf6a0fdd2146c87a3e"},
    {file = "PyYAML-6.0.2-cp311-cp311-macosx_10_9_x86_64.whl", hash = "sha256:cc1c1159b3d456576af7a3e4d1ba7e6924cb39de8f67111c735f6fc832082774"},
    {file = "PyYAML-6.0.2-cp311-cp311-macosx_11_0_arm64.whl", hash = "sha256:1e2120ef853f59c7419231f3bf4e7021f1b936f6ebd222406c3b60212205d2ee"},
    {file = "PyYAML-6.0.2-cp311-cp311-manylinux_2_17_aarch64.manylinux2014_aarch64.whl", hash = "sha256:5d225db5a45f21e78dd9358e58a98702a0302f2659a3c6cd320564b75b86f47c"},
    {file = "PyYAML-6.0.2-cp311-cp311-manylinux_2_17_s390x.manylinux2014_s390x.whl", hash = "sha256:5ac9328ec4831237bec75defaf839f7d4564be1e6b25ac710bd1a96321cc8317"},
    {file = "PyYAML-6.0.2-cp311-cp311-manylinux_2_17_x86_64.manylinux2014_x86_64.whl", hash = "sha256:3ad2a3decf9aaba3d29c8f537ac4b243e36bef957511b4766cb0057d32b0be85"},
    {file = "PyYAML-6.0.2-cp311-cp311-musllinux_1_1_aarch64.whl", hash = "sha256:ff3824dc5261f50c9b0dfb3be22b4567a6f938ccce4587b38952d85fd9e9afe4"},
    {file = "PyYAML-6.0.2-cp311-cp311-musllinux_1_1_x86_64.whl", hash = "sha256:797b4f722ffa07cc8d62053e4cff1486fa6dc094105d13fea7b1de7d8bf71c9e"},
    {file = "PyYAML-6.0.2-cp311-cp311-win32.whl", hash = "sha256:11d8f3dd2b9c1207dcaf2ee0bbbfd5991f571186ec9cc78427ba5bd32afae4b5"},
    {file = "PyYAML-6.0.2-cp311-cp311-win_amd64.whl", hash = "sha256:e10ce637b18caea04431ce14fabcf5c64a1c61ec9c56b071a4b7ca131ca52d44"},
    {file = "PyYAML-6.0.2-cp312-cp312-macosx_10_9_x86_64.whl", hash = "sha256:c70c95198c015b85feafc136515252a261a84561b7b1d51e3384e0655ddf25ab"},
    {file = "PyYAML-6.0.2-cp312-cp312-macosx_11_0_arm64.whl", hash = "sha256:ce826d6ef20b1bc864f0a68340c8b3287705cae2f8b4b1d932177dcc76721725"},
    {file = "PyYAML-6.0.2-cp312-cp312-manylinux_2_17_aarch64.manylinux2014_aarch64.whl", hash = "sha256:1f71ea527786de97d1a0cc0eacd1defc0985dcf6b3f17bb77dcfc8c34bec4dc5"},
    {file = "PyYAML-6.0.2-cp312-cp312-manylinux_2_17_s390x.manylinux2014_s390x.whl", hash = "sha256:9b22676e8097e9e22e36d6b7bda33190d0d400f345f23d4065d48f4ca7ae0425"},
    {file = "PyYAML-6.0.2-cp312-cp312-manylinux_2_17_x86_64.manylinux2014_x86_64.whl", hash = "sha256:80bab7bfc629882493af4aa31a4cfa43a4c57c83813253626916b8c7ada83476"},
    {file = "PyYAML-6.0.2-cp312-cp312-musllinux_1_1_aarch64.whl", hash = "sha256:0833f8694549e586547b576dcfaba4a6b55b9e96098b36cdc7ebefe667dfed48"},
    {file = "PyYAML-6.0.2-cp312-cp312-musllinux_1_1_x86_64.whl", hash = "sha256:8b9c7197f7cb2738065c481a0461e50ad02f18c78cd75775628afb4d7137fb3b"},
    {file = "PyYAML-6.0.2-cp312-cp312-win32.whl", hash = "sha256:ef6107725bd54b262d6dedcc2af448a266975032bc85ef0172c5f059da6325b4"},
    {file = "PyYAML-6.0.2-cp312-cp312-win_amd64.whl", hash = "sha256:7e7401d0de89a9a855c839bc697c079a4af81cf878373abd7dc625847d25cbd8"},
    {file = "PyYAML-6.0.2-cp313-cp313-macosx_10_13_x86_64.whl", hash = "sha256:efdca5630322a10774e8e98e1af481aad470dd62c3170801852d752aa7a783ba"},
    {file = "PyYAML-6.0.2-cp313-cp313-macosx_11_0_arm64.whl", hash = "sha256:50187695423ffe49e2deacb8cd10510bc361faac997de9efef88badc3bb9e2d1"},
    {file = "PyYAML-6.0.2-cp313-cp313-manylinux_2_17_aarch64.manylinux2014_aarch64.whl", hash = "sha256:0ffe8360bab4910ef1b9e87fb812d8bc0a308b0d0eef8c8f44e0254ab3b07133"},
    {file = "PyYAML-6.0.2-cp313-cp313-manylinux_2_17_s390x.manylinux2014_s390x.whl", hash = "sha256:17e311b6c678207928d649faa7cb0d7b4c26a0ba73d41e99c4fff6b6c3276484"},
    {file = "PyYAML-6.0.2-cp313-cp313-manylinux_2_17_x86_64.manylinux2014_x86_64.whl", hash = "sha256:70b189594dbe54f75ab3a1acec5f1e3faa7e8cf2f1e08d9b561cb41b845f69d5"},
    {file = "PyYAML-6.0.2-cp313-cp313-musllinux_1_1_aarch64.whl", hash = "sha256:41e4e3953a79407c794916fa277a82531dd93aad34e29c2a514c2c0c5fe971cc"},
    {file = "PyYAML-6.0.2-cp313-cp313-musllinux_1_1_x86_64.whl", hash = "sha256:68ccc6023a3400877818152ad9a1033e3db8625d899c72eacb5a668902e4d652"},
    {file = "PyYAML-6.0.2-cp313-cp313-win32.whl", hash = "sha256:bc2fa7c6b47d6bc618dd7fb02ef6fdedb1090ec036abab80d4681424b84c1183"},
    {file = "PyYAML-6.0.2-cp313-cp313-win_amd64.whl", hash = "sha256:8388ee1976c416731879ac16da0aff3f63b286ffdd57cdeb95f3f2e085687563"},
    {file = "PyYAML-6.0.2-cp38-cp38-macosx_10_9_x86_64.whl", hash = "sha256:24471b829b3bf607e04e88d79542a9d48bb037c2267d7927a874e6c205ca7e9a"},
    {file = "PyYAML-6.0.2-cp38-cp38-manylinux_2_17_aarch64.manylinux2014_aarch64.whl", hash = "sha256:d7fded462629cfa4b685c5416b949ebad6cec74af5e2d42905d41e257e0869f5"},
    {file = "PyYAML-6.0.2-cp38-cp38-manylinux_2_17_s390x.manylinux2014_s390x.whl", hash = "sha256:d84a1718ee396f54f3a086ea0a66d8e552b2ab2017ef8b420e92edbc841c352d"},
    {file = "PyYAML-6.0.2-cp38-cp38-manylinux_2_17_x86_64.manylinux2014_x86_64.whl", hash = "sha256:9056c1ecd25795207ad294bcf39f2db3d845767be0ea6e6a34d856f006006083"},
    {file = "PyYAML-6.0.2-cp38-cp38-musllinux_1_1_x86_64.whl", hash = "sha256:82d09873e40955485746739bcb8b4586983670466c23382c19cffecbf1fd8706"},
    {file = "PyYAML-6.0.2-cp38-cp38-win32.whl", hash = "sha256:43fa96a3ca0d6b1812e01ced1044a003533c47f6ee8aca31724f78e93ccc089a"},
    {file = "PyYAML-6.0.2-cp38-cp38-win_amd64.whl", hash = "sha256:01179a4a8559ab5de078078f37e5c1a30d76bb88519906844fd7bdea1b7729ff"},
    {file = "PyYAML-6.0.2-cp39-cp39-macosx_10_9_x86_64.whl", hash = "sha256:688ba32a1cffef67fd2e9398a2efebaea461578b0923624778664cc1c914db5d"},
    {file = "PyYAML-6.0.2-cp39-cp39-macosx_11_0_arm64.whl", hash = "sha256:a8786accb172bd8afb8be14490a16625cbc387036876ab6ba70912730faf8e1f"},
    {file = "PyYAML-6.0.2-cp39-cp39-manylinux_2_17_aarch64.manylinux2014_aarch64.whl", hash = "sha256:d8e03406cac8513435335dbab54c0d385e4a49e4945d2909a581c83647ca0290"},
    {file = "PyYAML-6.0.2-cp39-cp39-manylinux_2_17_s390x.manylinux2014_s390x.whl", hash = "sha256:f753120cb8181e736c57ef7636e83f31b9c0d1722c516f7e86cf15b7aa57ff12"},
    {file = "PyYAML-6.0.2-cp39-cp39-manylinux_2_17_x86_64.manylinux2014_x86_64.whl", hash = "sha256:3b1fdb9dc17f5a7677423d508ab4f243a726dea51fa5e70992e59a7411c89d19"},
    {file = "PyYAML-6.0.2-cp39-cp39-musllinux_1_1_aarch64.whl", hash = "sha256:0b69e4ce7a131fe56b7e4d770c67429700908fc0752af059838b1cfb41960e4e"},
    {file = "PyYAML-6.0.2-cp39-cp39-musllinux_1_1_x86_64.whl", hash = "sha256:a9f8c2e67970f13b16084e04f134610fd1d374bf477b17ec1599185cf611d725"},
    {file = "PyYAML-6.0.2-cp39-cp39-win32.whl", hash = "sha256:6395c297d42274772abc367baaa79683958044e5d3835486c16da75d2a694631"},
    {file = "PyYAML-6.0.2-cp39-cp39-win_amd64.whl", hash = "sha256:39693e1f8320ae4f43943590b49779ffb98acb81f788220ea932a6b6c51004d8"},
    {file = "pyyaml-6.0.2.tar.gz", hash = "sha256:d584d9ec91ad65861cc08d42e834324ef890a082e591037abe114850ff7bbc3e"},
]
markers = {main = "extra == \"all\""}

[[package]]
name = "six"
version = "1.16.0"
description = "Python 2 and 3 compatibility utilities"
optional = false
python-versions = ">=2.7, !=3.0.*, !=3.1.*, !=3.2.*"
groups = ["main", "dev"]
files = [
    {file = "six-1.16.0-py2.py3-none-any.whl", hash = "sha256:8abb2f1d86890a2dfb989f9a77cfcfd3e47c2a354b01111771326f8aa26e0254"},
    {file = "six-1.16.0.tar.gz", hash = "sha256:1e61c37477a1626458e36f7b1d82aa5c9b094fa4802892072e49de9c60c4c926"},
]
markers = {main = "extra == \"all\""}

[[package]]
name = "toml"
version = "0.10.2"
description = "Python Library for Tom's Obvious, Minimal Language"
optional = false
python-versions = ">=2.6, !=3.0.*, !=3.1.*, !=3.2.*"
groups = ["main", "dev"]
files = [
    {file = "toml-0.10.2-py2.py3-none-any.whl", hash = "sha256:806143ae5bfb6a3c6e736a764057db0e6a0e05e338b5630894a5f779cabb4f9b"},
    {file = "toml-0.10.2.tar.gz", hash = "sha256:b3bda1d108d5dd99f4a20d24d9c348e91c4db7ab1b749200bded2f839ccbe68f"},
]
markers = {main = "extra == \"all\""}

[[package]]
name = "torch"
version = "1.11.0"
description = "Tensors and Dynamic neural networks in Python with strong GPU acceleration"
optional = true
python-versions = ">=3.7.0"
groups = ["main"]
markers = "extra == \"all\""
files = [
    {file = "torch-1.11.0-cp310-cp310-manylinux1_x86_64.whl", hash = "sha256:62052b50fffc29ca7afc0c04ef8206b6f1ca9d10629cb543077e12967e8d0398"},
    {file = "torch-1.11.0-cp310-cp310-manylinux2014_aarch64.whl", hash = "sha256:866bfba29ac98dec35d893d8e17eaec149d0ac7a53be7baae5c98069897db667"},
    {file = "torch-1.11.0-cp310-cp310-win_amd64.whl", hash = "sha256:951640fb8db308a59d9b510e7d1ad910aff92913323bbe4bc75435347ddd346d"},
    {file = "torch-1.11.0-cp310-none-macosx_10_9_x86_64.whl", hash = "sha256:5d77b5ece78fdafa5c7f42995ff9474399d22571cd6b2de21a5d666306a2ff8c"},
    {file = "torch-1.11.0-cp310-none-macosx_11_0_arm64.whl", hash = "sha256:b5a38682769b544c875ecc34bcb81fbad5c922139b61319aacffcfd8a32f528c"},
    {file = "torch-1.11.0-cp37-cp37m-manylinux1_x86_64.whl", hash = "sha256:f82d77695a60626f2b7382d85bc566de8a6b3e50d32080755abc040db802e419"},
    {file = "torch-1.11.0-cp37-cp37m-manylinux2014_aarch64.whl", hash = "sha256:b96654d42566080a134e784705f33f8536b3b95b5dcde357ed7879b1692a5f78"},
    {file = "torch-1.11.0-cp37-cp37m-win_amd64.whl", hash = "sha256:8ee7c2e8d7f7020d5bfbc1bb91b9591044c26bbd0cee5e4f694cfd7ed8649260"},
    {file = "torch-1.11.0-cp37-none-macosx_10_9_x86_64.whl", hash = "sha256:6860b1d1bf0bb0b67a6bd47f85a0e4c825b518eea13b5d6101999dbbcbd5bc0c"},
    {file = "torch-1.11.0-cp38-cp38-manylinux1_x86_64.whl", hash = "sha256:4322aa29f50da7f404db06cdf30896ea67b09f673af4a985afc7162bc897864d"},
    {file = "torch-1.11.0-cp38-cp38-manylinux2014_aarch64.whl", hash = "sha256:e4d2e0ddd652f30e94cff750220324ec45705d4ecc69658f773b3cb1c7a28dd0"},
    {file = "torch-1.11.0-cp38-cp38-win_amd64.whl", hash = "sha256:34ce5ea4d8d85da32cdbadb50d4585106901e9f8a3527991daa70c13a09de1f7"},
    {file = "torch-1.11.0-cp38-none-macosx_10_9_x86_64.whl", hash = "sha256:0ccc85cd06227a3edf809e2c795fd5762c3d4e8a38b5c9f744c6e7cf841361bb"},
    {file = "torch-1.11.0-cp38-none-macosx_11_0_arm64.whl", hash = "sha256:c1554e49d74f1b2c3e7202d77056ba2dd7465437585bac64062b580f714a44e9"},
    {file = "torch-1.11.0-cp39-cp39-manylinux1_x86_64.whl", hash = "sha256:58c7814502b1c129a650d7092033bbb0bbd64faf1a7941631aaa1aeaddc37570"},
    {file = "torch-1.11.0-cp39-cp39-manylinux2014_aarch64.whl", hash = "sha256:831cf588f01dda9409e75576741d2823453990dee2983d670f2584b37a01adf7"},
    {file = "torch-1.11.0-cp39-cp39-win_amd64.whl", hash = "sha256:44a1d02fd20f827f0f36dc26fdcfc45e793806a6ad52769a22260655a77a4369"},
    {file = "torch-1.11.0-cp39-none-macosx_10_9_x86_64.whl", hash = "sha256:50fd9bf85c578c871c28f1cb0ace9dfc6024401c7f399b174fb0f370899f4454"},
    {file = "torch-1.11.0-cp39-none-macosx_11_0_arm64.whl", hash = "sha256:0e48af66ad755f0f9c5f2664028a414f57c49d6adc37e77e06fe0004da4edb61"},
]

[package.dependencies]
typing-extensions = "*"

[[package]]
name = "typing-extensions"
version = "4.1.1"
description = "Backported and Experimental Type Hints for Python 3.6+"
optional = true
python-versions = ">=3.6"
groups = ["main"]
markers = "extra == \"all\""
files = [
    {file = "typing_extensions-4.1.1-py3-none-any.whl", hash = "sha256:21c85e0fe4b9a155d0799430b0ad741cdce7e359660ccbd8b530613e8df88ce2"},
    {file = "typing_extensions-4.1.1.tar.gz", hash = "sha256:1a9462dcc3347a79b1f1c0271fbe79e844580bb598bafa1ed208b94da3cdcd42"},
]

[[package]]
name = "virtualenv"
version = "20.14.0"
description = "Virtual Python Environment builder"
optional = false
python-versions = "!=3.0.*,!=3.1.*,!=3.2.*,!=3.3.*,!=3.4.*,>=2.7"
groups = ["dev"]
files = [
    {file = "virtualenv-20.14.0-py2.py3-none-any.whl", hash = "sha256:1e8588f35e8b42c6ec6841a13c5e88239de1e6e4e4cedfd3916b306dc826ec66"},
    {file = "virtualenv-20.14.0.tar.gz", hash = "sha256:8e5b402037287126e81ccde9432b95a8be5b19d36584f64957060a3488c11ca8"},
]

[package.dependencies]
distlib = ">=0.3.1,<1"
filelock = ">=3.2,<4"
platformdirs = ">=2,<3"
six = ">=1.9.0,<2"

[package.extras]
docs = ["proselint (>=0.10.2)", "sphinx (>=3)", "sphinx-argparse (>=0.2.5)", "sphinx-rtd-theme (>=0.4.3)", "towncrier (>=21.3)"]
testing = ["coverage (>=4)", "coverage-enable-subprocess (>=1)", "flaky (>=3)", "packaging (>=20.0) ; python_version > \"3.4\"", "pytest (>=4)", "pytest-env (>=0.6.2)", "pytest-freezegun (>=0.4.1)", "pytest-mock (>=2)", "pytest-randomly (>=1)", "pytest-timeout (>=1)"]

[extras]
all = ["PyYAML", "matplotlib", "numpy", "opencv-python-headless", "toml", "torch"]

[metadata]
lock-version = "2.1"
python-versions = ">=3.9"
content-hash = "e95e63828614bccebd8f613f98d80dc9d80096ed1173a28bd8db7e1d70dc2586"
